
Microsoft Visual Studio Solution File, Format Version 12.00
# Visual Studio Version 16
VisualStudioVersion = 16.0.31729.503
MinimumVisualStudioVersion = 10.0.40219.1
Project("{9A19103F-16F7-4668-BE54-9A1E7A4F7556}") = "Rock", "Rock.csproj", "{0F31B345-5161-4871-84B8-BD31A2521B56}"
EndProject
Global
	GlobalSection(SolutionConfigurationPlatforms) = preSolution
		Debug|Any CPU = Debug|Any CPU
		Release|Any CPU = Release|Any CPU
	EndGlobalSection
	GlobalSection(ProjectConfigurationPlatforms) = postSolution
		{0F31B345-5161-4871-84B8-BD31A2521B56}.Debug|Any CPU.ActiveCfg = Debug|Any CPU
		{0F31B345-5161-4871-84B8-BD31A2521B56}.Debug|Any CPU.Build.0 = Debug|Any CPU
		{0F31B345-5161-4871-84B8-BD31A2521B56}.Release|Any CPU.ActiveCfg = Release|Any CPU
		{0F31B345-5161-4871-84B8-BD31A2521B56}.Release|Any CPU.Build.0 = Release|Any CPU
	EndGlobalSection
	GlobalSection(SolutionProperties) = preSolution
		HideSolutionNode = FALSE
	EndGlobalSection
	GlobalSection(ExtensibilityGlobals) = postSolution
		SolutionGuid = {F7EA2983-DC34-49CF-9383-56AC1D43F063}
	EndGlobalSection
EndGlobal
